
Microsoft Visual Studio Solution File, Format Version 12.00
# Visual Studio Version 17
VisualStudioVersion = 17.11.35327.3
MinimumVisualStudioVersion = 10.0.40219.1
Project("{FAE04EC0-301F-11D3-BF4B-00C04F79EFBC}") = "IBM13MR25_MVCDeepDive", "IBM13MR25_MVCDeepDive\IBM13MR25_MVCDeepDive.csproj", "{5BF6B7C5-17AE-4D05-B832-80B3B41FD91C}"
EndProject
Global
	GlobalSection(SolutionConfigurationPlatforms) = preSolution
		Debug|Any CPU = Debug|Any CPU
		Release|Any CPU = Release|Any CPU
	EndGlobalSection
	GlobalSection(ProjectConfigurationPlatforms) = postSolution
		{5BF6B7C5-17AE-4D05-B832-80B3B41FD91C}.Debug|Any CPU.ActiveCfg = Debug|Any CPU
		{5BF6B7C5-17AE-4D05-B832-80B3B41FD91C}.Debug|Any CPU.Build.0 = Debug|Any CPU
		{5BF6B7C5-17AE-4D05-B832-80B3B41FD91C}.Release|Any CPU.ActiveCfg = Release|Any CPU
		{5BF6B7C5-17AE-4D05-B832-80B3B41FD91C}.Release|Any CPU.Build.0 = Release|Any CPU
	EndGlobalSection
	GlobalSection(SolutionProperties) = preSolution
		HideSolutionNode = FALSE
	EndGlobalSection
	GlobalSection(ExtensibilityGlobals) = postSolution
		SolutionGuid = {112447E6-306F-471E-96DE-86ADB84FBD7E}
	EndGlobalSection
EndGlobal
